lockfileVersion: '9.0'

settings:
  autoInstallPeers: true
  excludeLinksFromLockfile: false

importers:

  .:
    devDependencies:
      '@types/node':
        specifier: ^24.0.0
        version: 24.12.2
      typescript:
        specifier: ^5.9.3
        version: 5.9.3

  packages/api-client:
    dependencies:
      '@hey-api/client-fetch':
        specifier: ^0.13.1
        version: 0.13.1(@hey-api/openapi-ts@0.95.0(typescript@5.9.3))
      '@opentelemetry/api':
        specifier: ^1.9.0
        version: 1.9.1
    devDependencies:
      '@hey-api/openapi-ts':
        specifier: 0.95.0
        version: 0.95.0(typescript@5.9.3)

  packages/cli:
    dependencies:
      '@shush/api-client':
        specifier: workspace:*
        version: link:../api-client

  services/svc-api:
    dependencies:
      '@hono/node-server':
        specifier: ^1.19.1
        version: 1.19.13(hono@4.12.12)
      '@hono/standard-validator':
        specifier: ^0.2.0
        version: 0.2.2(@standard-schema/spec@1.0.0)(hono@4.12.12)
      '@valibot/to-json-schema':
        specifier: ^1.6.0
        version: 1.6.0(valibot@1.3.1(typescript@5.9.3))
      hono:
        specifier: ^4.9.7
        version: 4.12.12
      hono-openapi:
        specifier: ^1.3.0
        version: 1.3.0(@hono/standard-validator@0.2.2(@standard-schema/spec@1.0.0)(hono@4.12.12))(@standard-community/standard-json@0.3.5(@standard-schema/spec@1.0.0)(@types/json-schema@7.0.15)(@valibot/to-json-schema@1.6.0(valibot@1.3.1(typescript@5.9.3)))(quansync@0.2.11)(valibot@1.3.1(typescript@5.9.3)))(@standard-community/standard-openapi@0.2.9(@standard-community/standard-json@0.3.5(@standard-schema/spec@1.0.0)(@types/json-schema@7.0.15)(@valibot/to-json-schema@1.6.0(valibot@1.3.1(typescript@5.9.3)))(quansync@0.2.11)(valibot@1.3.1(typescript@5.9.3)))(@standard-schema/spec@1.0.0)(openapi-types@12.1.3)(valibot@1.3.1(typescript@5.9.3)))(@types/json-schema@7.0.15)(hono@4.12.12)(openapi-types@12.1.3)
      valibot:
        specifier: ^1.1.0
        version: 1.3.1(typescript@5.9.3)

packages:

  '@hey-api/client-fetch@0.13.1':
    resolution: {integrity: sha512-29jBRYNdxVGlx5oewFgOrkulZckpIpBIRHth3uHFn1PrL2ucMy52FvWOY3U3dVx2go1Z3kUmMi6lr07iOpUqqA==}
    deprecated: Starting with v0.73.0, this package is bundled directly inside @hey-api/openapi-ts.
    peerDependencies:
      '@hey-api/openapi-ts': < 2

  '@hey-api/codegen-core@0.7.4':
    resolution: {integrity: sha512-DGd9yeSQzflOWO3Y5mt1GRXkXH9O/yIMgbxPjwLI3jwu/3nAjoXXD26lEeFb6tclYlg0JAqTIs5d930G/qxHeA==}
    engines: {node: '>=20.19.0'}

  '@hey-api/json-schema-ref-parser@1.3.1':
    resolution: {integrity: sha512-7atnpUkT8TyUPHYPLk91j/GyaqMuwTEHanLOe50Dlx0EEvNuQqFD52Yjg8x4KU0UFL1mWlyhE+sUE/wAtQ1N2A==}
    engines: {node: '>=20.19.0'}

  '@hey-api/openapi-ts@0.95.0':
    resolution: {integrity: sha512-lk5C+WKl5yqEmliQihEyhX/jNcWlAykTSEqkDeKa9xSq5YDAzOFvx7oos8YTqiIzdc4TemtlEaB8Rns7+8A0qg==}
    engines: {node: '>=20.19.0'}
    hasBin: true
    peerDependencies:
      typescript: '>=5.5.3 || >=6.0.0 || 6.0.1-rc'

  '@hey-api/shared@0.3.0':
    resolution: {integrity: sha512-G+4GPojdLEh9bUwRG88teMPM1HdqMm/IsJ38cbnNxhyDu1FkFGwilkA1EqnULCzfTam/ZoZkaLdmAd8xEh4Xsw==}
    engines: {node: '>=20.19.0'}

  '@hey-api/spec-types@0.1.0':
    resolution: {integrity: sha512-StS4RrAO5pyJCBwe6uF9MAuPflkztriW+FPnVb7oEjzDYv1sxPwP+f7fL6u6D+UVrKpZ/9bPNx/xXVdkeWPU6A==}

  '@hey-api/types@0.1.4':
    resolution: {integrity: sha512-thWfawrDIP7wSI9ioT13I5soaaqB5vAPIiZmgD8PbeEVKNrkonc0N/Sjj97ezl7oQgusZmaNphGdMKipPO6IBg==}

  '@hono/node-server@1.19.13':
    resolution: {integrity: sha512-TsQLe4i2gvoTtrHje625ngThGBySOgSK3Xo2XRYOdqGN1teR8+I7vchQC46uLJi8OF62YTYA3AhSpumtkhsaKQ==}
    engines: {node: '>=18.14.1'}
    peerDependencies:
      hono: ^4

  '@hono/standard-validator@0.2.2':
    resolution: {integrity: sha512-mJ7W84Bt/rSvoIl63Ynew+UZOHAzzRAoAXb3JaWuxAkM/Lzg+ZHTCUiz77KOtn2e623WNN8LkD57Dk0szqUrIw==}
    peerDependencies:
      '@standard-schema/spec': ^1.0.0
      hono: '>=3.9.0'

  '@jsdevtools/ono@7.1.3':
    resolution: {integrity: sha512-4JQNk+3mVzK3xh2rqd6RB4J46qUR19azEHBneZyTZM+c456qOrbbM/5xcR8huNCCcbVt7+UmizG6GuUvPvKUYg==}

  '@opentelemetry/api@1.9.1':
    resolution: {integrity: sha512-gLyJlPHPZYdAk1JENA9LeHejZe1Ti77/pTeFm/nMXmQH/HFZlcS/O2XJB+L8fkbrNSqhdtlvjBVjxwUYanNH5Q==}
    engines: {node: '>=8.0.0'}

  '@standard-community/standard-json@0.3.5':
    resolution: {integrity: sha512-4+ZPorwDRt47i+O7RjyuaxHRK/37QY/LmgxlGrRrSTLYoFatEOzvqIc85GTlM18SFZ5E91C+v0o/M37wZPpUHA==}
    peerDependencies:
      '@standard-schema/spec': ^1.0.0
      '@types/json-schema': ^7.0.15
      '@valibot/to-json-schema': ^1.3.0
      arktype: ^2.1.20
      effect: ^3.16.8
      quansync: ^0.2.11
      sury: ^10.0.0
      typebox: ^1.0.17
      valibot: ^1.1.0
      zod: ^3.25.0 || ^4.0.0
      zod-to-json-schema: ^3.24.5
    peerDependenciesMeta:
      '@valibot/to-json-schema':
        optional: true
      arktype:
        optional: true
      effect:
        optional: true
      sury:
        optional: true
      typebox:
        optional: true
      valibot:
        optional: true
      zod:
        optional: true
      zod-to-json-schema:
        optional: true

  '@standard-community/standard-openapi@0.2.9':
    resolution: {integrity: sha512-htj+yldvN1XncyZi4rehbf9kLbu8os2Ke/rfqoZHCMHuw34kiF3LP/yQPdA0tQ940y8nDq3Iou8R3wG+AGGyvg==}
    peerDependencies:
      '@standard-community/standard-json': ^0.3.5
      '@standard-schema/spec': ^1.0.0
      arktype: ^2.1.20
      effect: ^3.17.14
      openapi-types: ^12.1.3
      sury: ^10.0.0
      typebox: ^1.0.0
      valibot: ^1.1.0
      zod: ^3.25.0 || ^4.0.0
      zod-openapi: ^4
    peerDependenciesMeta:
      arktype:
        optional: true
      effect:
        optional: true
      sury:
        optional: true
      typebox:
        optional: true
      valibot:
        optional: true
      zod:
        optional: true
      zod-openapi:
        optional: true

  '@standard-schema/spec@1.0.0':
    resolution: {integrity: sha512-m2bOd0f2RT9k8QJx1JN85cZYyH1RqFBdlwtkSlf4tBDYLCiiZnv1fIIwacK6cqwXavOydf0NPToMQgpKq+dVlA==}

  '@types/json-schema@7.0.15':
    resolution: {integrity: sha512-5+fP8P8MFNC+AyZCDxrB2pkZFPGzqQWUzpSeuuVLvm8VMcorNYavBqoFcxK8bQz4Qsbn4oUEEem4wDLfcysGHA==}

  '@types/node@24.12.2':
    resolution: {integrity: sha512-A1sre26ke7HDIuY/M23nd9gfB+nrmhtYyMINbjI1zHJxYteKR6qSMX56FsmjMcDb3SMcjJg5BiRRgOCC/yBD0g==}

  '@valibot/to-json-schema@1.6.0':
    resolution: {integrity: sha512-d6rYyK5KVa2XdqamWgZ4/Nr+cXhxjy7lmpe6Iajw15J/jmU+gyxl2IEd1Otg1d7Rl3gOQL5reulnSypzBtYy1A==}
    peerDependencies:
      valibot: ^1.3.0

  ansi-colors@4.1.3:
    resolution: {integrity: sha512-/6w/C21Pm1A7aZitlI5Ni/2J6FFQN8i1Cvz3kHABAAbw93v/NlvKdVOqz7CCWz/3iv/JplRSEEZ83XION15ovw==}
    engines: {node: '>=6'}

  argparse@2.0.1:
    resolution: {integrity: sha512-8+9WqebbFzpX9OR+Wa6O29asIogeRMzcGtAINdpMHHyAg10f05aSFVBbcEqGf/PXw1EjAZ+q2/bEBg3DvurK3Q==}

  bundle-name@4.1.0:
    resolution: {integrity: sha512-tjwM5exMg6BGRI+kNmTntNsvdZS1X8BFYS6tnJ2hdH0kVxM6/eVZ2xy+FqStSWvYmtfFMDLIxurorHwDKfDz5Q==}
    engines: {node: '>=18'}

  c12@3.3.3:
    resolution: {integrity: sha512-750hTRvgBy5kcMNPdh95Qo+XUBeGo8C7nsKSmedDmaQI+E0r82DwHeM6vBewDe4rGFbnxoa4V9pw+sPh5+Iz8Q==}
    peerDependencies:
      magicast: '*'
    peerDependenciesMeta:
      magicast:
        optional: true

  chokidar@5.0.0:
    resolution: {integrity: sha512-TQMmc3w+5AxjpL8iIiwebF73dRDF4fBIieAqGn9RGCWaEVwQ6Fb2cGe31Yns0RRIzii5goJ1Y7xbMwo1TxMplw==}
    engines: {node: '>= 20.19.0'}

  citty@0.1.6:
    resolution: {integrity: sha512-tskPPKEs8D2KPafUypv2gxwJP8h/OaJmC82QQGGDQcHvXX43xF2VDACcJVmZ0EuSxkpO9Kc4MlrA3q0+FG58AQ==}

  citty@0.2.2:
    resolution: {integrity: sha512-+6vJA3L98yv+IdfKGZHBNiGW5KHn22e/JwID0Strsz8h4S/csAu/OuICwxrg44k5MRiZHWIo8XXuJgQTriRP4w==}

  color-support@1.1.3:
    resolution: {integrity: sha512-qiBjkpbMLO/HL68y+lh4q0/O1MZFj2RX6X/KmMa3+gJD3z+WwI1ZzDHysvqHGS3mP6mznPckpXmw1nI9cJjyRg==}
    hasBin: true

  commander@14.0.3:
    resolution: {integrity: sha512-H+y0Jo/T1RZ9qPP4Eh1pkcQcLRglraJaSLoyOtHxu6AapkjWVCy2Sit1QQ4x3Dng8qDlSsZEet7g5Pq06MvTgw==}
    engines: {node: '>=20'}

  confbox@0.2.4:
    resolution: {integrity: sha512-ysOGlgTFbN2/Y6Cg3Iye8YKulHw+R2fNXHrgSmXISQdMnomY6eNDprVdW9R5xBguEqI954+S6709UyiO7B+6OQ==}

  consola@3.4.2:
    resolution: {integrity: sha512-5IKcdX0nnYavi6G7TtOhwkYzyjfJlatbjMjuLSfE2kYT5pMDOilZ4OvMhi637CcDICTmz3wARPoyhqyX1Y+XvA==}
    engines: {node: ^14.18.0 || >=16.10.0}

  cross-spawn@7.0.6:
    resolution: {integrity: sha512-uV2QOWP2nWzsy2aMp8aRibhi9dlzF5Hgh5SHaB9OiTGEyDTiJJyx0uy51QXdyWbtAHNua4XJzUKca3OzKUd3vA==}
    engines: {node: '>= 8'}

  default-browser-id@5.0.1:
    resolution: {integrity: sha512-x1VCxdX4t+8wVfd1so/9w+vQ4vx7lKd2Qp5tDRutErwmR85OgmfX7RlLRMWafRMY7hbEiXIbudNrjOAPa/hL8Q==}
    engines: {node: '>=18'}

  default-browser@5.5.0:
    resolution: {integrity: sha512-H9LMLr5zwIbSxrmvikGuI/5KGhZ8E2zH3stkMgM5LpOWDutGM2JZaj460Udnf1a+946zc7YBgrqEWwbk7zHvGw==}
    engines: {node: '>=18'}

  define-lazy-prop@3.0.0:
    resolution: {integrity: sha512-N+MeXYoqr3pOgn8xfyRPREN7gHakLYjhsHhWGT3fWAiL4IkAt0iDw14QiiEm2bE30c5XX5q0FtAA3CK5f9/BUg==}
    engines: {node: '>=12'}

  defu@6.1.7:
    resolution: {integrity: sha512-7z22QmUWiQ/2d0KkdYmANbRUVABpZ9SNYyH5vx6PZ+nE5bcC0l7uFvEfHlyld/HcGBFTL536ClDt3DEcSlEJAQ==}

  destr@2.0.5:
    resolution: {integrity: sha512-ugFTXCtDZunbzasqBxrK93Ik/DRYsO6S/fedkWEMKqt04xZ4csmnmwGDBAb07QWNaGMAmnTIemsYZCksjATwsA==}

  dotenv@17.4.1:
    resolution: {integrity: sha512-k8DaKGP6r1G30Lx8V4+pCsLzKr8vLmV2paqEj1Y55GdAgJuIqpRp5FfajGF8KtwMxCz9qJc6wUIJnm053d/WCw==}
    engines: {node: '>=12'}

  exsolve@1.0.8:
    resolution: {integrity: sha512-LmDxfWXwcTArk8fUEnOfSZpHOJ6zOMUJKOtFLFqJLoKJetuQG874Uc7/Kki7zFLzYybmZhp1M7+98pfMqeX8yA==}

  get-tsconfig@4.13.6:
    resolution: {integrity: sha512-shZT/QMiSHc/YBLxxOkMtgSid5HFoauqCE3/exfsEcwg1WkeqjG+V40yBbBrsD+jW2HDXcs28xOfcbm2jI8Ddw==}

  giget@2.0.0:
    resolution: {integrity: sha512-L5bGsVkxJbJgdnwyuheIunkGatUF/zssUoxxjACCseZYAVbaqdh9Tsmmlkl8vYan09H7sbvKt4pS8GqKLBrEzA==}
    hasBin: true

  hono-openapi@1.3.0:
    resolution: {integrity: sha512-xDvCWpWEIv0weEmnl3EjRQzqbHIO8LnfzMuYOCmbuyE5aes6aXxLg4vM3ybnoZD5TiTUkA6PuRQPJs3R7WRBig==}
    peerDependencies:
      '@hono/standard-validator': ^0.2.0
      '@standard-community/standard-json': ^0.3.5
      '@standard-community/standard-openapi': ^0.2.9
      '@types/json-schema': ^7.0.15
      hono: ^4.8.3
      openapi-types: ^12.1.3
    peerDependenciesMeta:
      '@hono/standard-validator':
        optional: true
      hono:
        optional: true

  hono@4.12.12:
    resolution: {integrity: sha512-p1JfQMKaceuCbpJKAPKVqyqviZdS0eUxH9v82oWo1kb9xjQ5wA6iP3FNVAPDFlz5/p7d45lO+BpSk1tuSZMF4Q==}
    engines: {node: '>=16.9.0'}

  is-docker@3.0.0:
    resolution: {integrity: sha512-eljcgEDlEns/7AXFosB5K/2nCM4P7FQPkGc/DWLy5rmFEWvZayGrik1d9/QIY5nJ4f9YsVvBkA6kJpHn9rISdQ==}
    engines: {node: ^12.20.0 || ^14.13.1 || >=16.0.0}
    hasBin: true

  is-in-ssh@1.0.0:
    resolution: {integrity: sha512-jYa6Q9rH90kR1vKB6NM7qqd1mge3Fx4Dhw5TVlK1MUBqhEOuCagrEHMevNuCcbECmXZ0ThXkRm+Ymr51HwEPAw==}
    engines: {node: '>=20'}

  is-inside-container@1.0.0:
    resolution: {integrity: sha512-KIYLCCJghfHZxqjYBE7rEy0OBuTd5xCHS7tHVgvCLkx7StIoaxwNW3hCALgEUjFfeRk+MG/Qxmp/vtETEF3tRA==}
    engines: {node: '>=14.16'}
    hasBin: true

  is-wsl@3.1.1:
    resolution: {integrity: sha512-e6rvdUCiQCAuumZslxRJWR/Doq4VpPR82kqclvcS0efgt430SlGIk05vdCN58+VrzgtIcfNODjozVielycD4Sw==}
    engines: {node: '>=16'}

  isexe@2.0.0:
    resolution: {integrity: sha512-RHxMLp9lnKHGHRng9QFhRCMbYAcVpn69smSGcq3f36xjgVVWThj4qqLbTLlq7Ssj8B+fIQ1EuCEGI2lKsyQeIw==}

  jiti@2.6.1:
    resolution: {integrity: sha512-ekilCSN1jwRvIbgeg/57YFh8qQDNbwDb9xT/qu2DAHbFFZUicIl4ygVaAvzveMhMVr3LnpSKTNnwt8PoOfmKhQ==}
    hasBin: true

  js-yaml@4.1.1:
    resolution: {integrity: sha512-qQKT4zQxXl8lLwBtHMWwaTcGfFOZviOJet3Oy/xmGk2gZH677CJM9EvtfdSkgWcATZhj/55JZ0rmy3myCT5lsA==}
    hasBin: true

  node-fetch-native@1.6.7:
    resolution: {integrity: sha512-g9yhqoedzIUm0nTnTqAQvueMPVOuIY16bqgAJJC8XOOubYFNwz6IER9qs0Gq2Xd0+CecCKFjtdDTMA4u4xG06Q==}

  nypm@0.6.5:
    resolution: {integrity: sha512-K6AJy1GMVyfyMXRVB88700BJqNUkByijGJM8kEHpLdcAt+vSQAVfkWWHYzuRXHSY6xA2sNc5RjTj0p9rE2izVQ==}
    engines: {node: '>=18'}
    hasBin: true

  ohash@2.0.11:
    resolution: {integrity: sha512-RdR9FQrFwNBNXAr4GixM8YaRZRJ5PUWbKYbE5eOsrwAjJW0q2REGcf79oYPsLyskQCZG1PLN+S/K1V00joZAoQ==}

  open@11.0.0:
    resolution: {integrity: sha512-smsWv2LzFjP03xmvFoJ331ss6h+jixfA4UUV/Bsiyuu4YJPfN+FIQGOIiv4w9/+MoHkfkJ22UIaQWRVFRfH6Vw==}
    engines: {node: '>=20'}

  openapi-types@12.1.3:
    resolution: {integrity: sha512-N4YtSYJqghVu4iek2ZUvcN/0aqH1kRDuNqzcycDxhOUpg7GdvLa2F3DgS6yBNhInhv2r/6I0Flkn7CqL8+nIcw==}

  path-key@3.1.1:
    resolution: {integrity: sha512-ojmeN0qd+y0jszEtoY48r0Peq5dwMEkIlCOu6Q5f41lfkswXuKtYrhgoTpLnyIcHm24Uhqx+5Tqm2InSwLhE6Q==}
    engines: {node: '>=8'}

  pathe@2.0.3:
    resolution: {integrity: sha512-WUjGcAqP1gQacoQe+OBJsFA7Ld4DyXuUIjZ5cc75cLHvJ7dtNsTugphxIADwspS+AraAUePCKrSVtPLFj/F88w==}

  perfect-debounce@2.1.0:
    resolution: {integrity: sha512-LjgdTytVFXeUgtHZr9WYViYSM/g8MkcTPYDlPa3cDqMirHjKiSZPYd6DoL7pK8AJQr+uWkQvCjHNdiMqsrJs+g==}

  pkg-types@2.3.0:
    resolution: {integrity: sha512-SIqCzDRg0s9npO5XQ3tNZioRY1uK06lA41ynBC1YmFTmnY6FjUjVt6s4LoADmwoig1qqD0oK8h1p/8mlMx8Oig==}

  powershell-utils@0.1.0:
    resolution: {integrity: sha512-dM0jVuXJPsDN6DvRpea484tCUaMiXWjuCn++HGTqUWzGDjv5tZkEZldAJ/UMlqRYGFrD/etByo4/xOuC/snX2A==}
    engines: {node: '>=20'}

  quansync@0.2.11:
    resolution: {integrity: sha512-AifT7QEbW9Nri4tAwR5M/uzpBuqfZf+zwaEM/QkzEjj7NBuFD2rBuy0K3dE+8wltbezDV7JMA0WfnCPYRSYbXA==}

  rc9@2.1.2:
    resolution: {integrity: sha512-btXCnMmRIBINM2LDZoEmOogIZU7Qe7zn4BpomSKZ/ykbLObuBdvG+mFq11DL6fjH1DRwHhrlgtYWG96bJiC7Cg==}

  readdirp@5.0.0:
    resolution: {integrity: sha512-9u/XQ1pvrQtYyMpZe7DXKv2p5CNvyVwzUB6uhLAnQwHMSgKMBR62lc7AHljaeteeHXn11XTAaLLUVZYVZyuRBQ==}
    engines: {node: '>= 20.19.0'}

  resolve-pkg-maps@1.0.0:
    resolution: {integrity: sha512-seS2Tj26TBVOC2NIc2rOe2y2ZO7efxITtLZcGSOnHHNOQ7CkiUBfw0Iw2ck6xkIhPwLhKNLS8BO+hEpngQlqzw==}

  run-applescript@7.1.0:
    resolution: {integrity: sha512-DPe5pVFaAsinSaV6QjQ6gdiedWDcRCbUuiQfQa2wmWV7+xC9bGulGI8+TdRmoFkAPaBXk8CrAbnlY2ISniJ47Q==}
    engines: {node: '>=18'}

  semver@7.7.3:
    resolution: {integrity: sha512-SdsKMrI9TdgjdweUSR9MweHA4EJ8YxHn8DFaDisvhVlUOe4BF1tLD7GAj0lIqWVl+dPb/rExr0Btby5loQm20Q==}
    engines: {node: '>=10'}
    hasBin: true

  shebang-command@2.0.0:
    resolution: {integrity: sha512-kHxr2zZpYtdmrN1qDjrrX/Z1rR1kG8Dx+gkpK1G4eXmvXswmcE1hTWBWYUzlraYw1/yZp6YuDY77YtvbN0dmDA==}
    engines: {node: '>=8'}

  shebang-regex@3.0.0:
    resolution: {integrity: sha512-7++dFhtcx3353uBaq8DDR4NuxBetBzC7ZQOhmTQInHEd6bSrXdiEyzCvG07Z44UYdLShWUyXt5M/yhz8ekcb1A==}
    engines: {node: '>=8'}

  tinyexec@1.1.1:
    resolution: {integrity: sha512-VKS/ZaQhhkKFMANmAOhhXVoIfBXblQxGX1myCQ2faQrfmobMftXeJPcZGp0gS07ocvGJWDLZGyOZDadDBqYIJg==}
    engines: {node: '>=18'}

  typescript@5.9.3:
    resolution: {integrity: sha512-jl1vZzPDinLr9eUt3J/t7V6FgNEw9QjvBPdysz9KfQDD41fQrC2Y4vKQdiaUpFT4bXlb1RHhLpp8wtm6M5TgSw==}
    engines: {node: '>=14.17'}
    hasBin: true

  undici-types@7.16.0:
    resolution: {integrity: sha512-Zz+aZWSj8LE6zoxD+xrjh4VfkIG8Ya6LvYkZqtUQGJPZjYl53ypCaUwWqo7eI0x66KBGeRo+mlBEkMSeSZ38Nw==}

  valibot@1.3.1:
    resolution: {integrity: sha512-sfdRir/QFM0JaF22hqTroPc5xy4DimuGQVKFrzF1YfGwaS1nJot3Y8VqMdLO2Lg27fMzat2yD3pY5PbAYO39Gg==}
    peerDependencies:
      typescript: '>=5'
    peerDependenciesMeta:
      typescript:
        optional: true

  which@2.0.2:
    resolution: {integrity: sha512-BLI3Tl1TW3Pvl70l3yq3Y64i+awpwXqsGBYWkkqMtnbXgrMD+yj7rhW0kuEDxzJaYXGjEW5ogapKNMEKNMjibA==}
    engines: {node: '>= 8'}
    hasBin: true

  wsl-utils@0.3.1:
    resolution: {integrity: sha512-g/eziiSUNBSsdDJtCLB8bdYEUMj4jR7AGeUo96p/3dTafgjHhpF4RiCFPiRILwjQoDXx5MqkBr4fwWtR3Ky4Wg==}
    engines: {node: '>=20'}

snapshots:

  '@hey-api/client-fetch@0.13.1(@hey-api/openapi-ts@0.95.0(typescript@5.9.3))':
    dependencies:
      '@hey-api/openapi-ts': 0.95.0(typescript@5.9.3)

  '@hey-api/codegen-core@0.7.4':
    dependencies:
      '@hey-api/types': 0.1.4
      ansi-colors: 4.1.3
      c12: 3.3.3
      color-support: 1.1.3
    transitivePeerDependencies:
      - magicast

  '@hey-api/json-schema-ref-parser@1.3.1':
    dependencies:
      '@jsdevtools/ono': 7.1.3
      '@types/json-schema': 7.0.15
      js-yaml: 4.1.1

  '@hey-api/openapi-ts@0.95.0(typescript@5.9.3)':
    dependencies:
      '@hey-api/codegen-core': 0.7.4
      '@hey-api/json-schema-ref-parser': 1.3.1
      '@hey-api/shared': 0.3.0
      '@hey-api/spec-types': 0.1.0
      '@hey-api/types': 0.1.4
      ansi-colors: 4.1.3
      color-support: 1.1.3
      commander: 14.0.3
      get-tsconfig: 4.13.6
      typescript: 5.9.3
    transitivePeerDependencies:
      - magicast

  '@hey-api/shared@0.3.0':
    dependencies:
      '@hey-api/codegen-core': 0.7.4
      '@hey-api/json-schema-ref-parser': 1.3.1
      '@hey-api/spec-types': 0.1.0
      '@hey-api/types': 0.1.4
      ansi-colors: 4.1.3
      cross-spawn: 7.0.6
      open: 11.0.0
      semver: 7.7.3
    transitivePeerDependencies:
      - magicast

  '@hey-api/spec-types@0.1.0':
    dependencies:
      '@hey-api/types': 0.1.4

  '@hey-api/types@0.1.4': {}

  '@hono/node-server@1.19.13(hono@4.12.12)':
    dependencies:
      hono: 4.12.12

  '@hono/standard-validator@0.2.2(@standard-schema/spec@1.0.0)(hono@4.12.12)':
    dependencies:
      '@standard-schema/spec': 1.0.0
      hono: 4.12.12

  '@jsdevtools/ono@7.1.3': {}

  '@opentelemetry/api@1.9.1': {}

  '@standard-community/standard-json@0.3.5(@standard-schema/spec@1.0.0)(@types/json-schema@7.0.15)(@valibot/to-json-schema@1.6.0(valibot@1.3.1(typescript@5.9.3)))(quansync@0.2.11)(valibot@1.3.1(typescript@5.9.3))':
    dependencies:
      '@standard-schema/spec': 1.0.0
      '@types/json-schema': 7.0.15
      quansync: 0.2.11
    optionalDependencies:
      '@valibot/to-json-schema': 1.6.0(valibot@1.3.1(typescript@5.9.3))
      valibot: 1.3.1(typescript@5.9.3)

  '@standard-community/standard-openapi@0.2.9(@standard-community/standard-json@0.3.5(@standard-schema/spec@1.0.0)(@types/json-schema@7.0.15)(@valibot/to-json-schema@1.6.0(valibot@1.3.1(typescript@5.9.3)))(quansync@0.2.11)(valibot@1.3.1(typescript@5.9.3)))(@standard-schema/spec@1.0.0)(openapi-types@12.1.3)(valibot@1.3.1(typescript@5.9.3))':
    dependencies:
      '@standard-community/standard-json': 0.3.5(@standard-schema/spec@1.0.0)(@types/json-schema@7.0.15)(@valibot/to-json-schema@1.6.0(valibot@1.3.1(typescript@5.9.3)))(quansync@0.2.11)(valibot@1.3.1(typescript@5.9.3))
      '@standard-schema/spec': 1.0.0
      openapi-types: 12.1.3
    optionalDependencies:
      valibot: 1.3.1(typescript@5.9.3)

  '@standard-schema/spec@1.0.0': {}

  '@types/json-schema@7.0.15': {}

  '@types/node@24.12.2':
    dependencies:
      undici-types: 7.16.0

  '@valibot/to-json-schema@1.6.0(valibot@1.3.1(typescript@5.9.3))':
    dependencies:
      valibot: 1.3.1(typescript@5.9.3)

  ansi-colors@4.1.3: {}

  argparse@2.0.1: {}

  bundle-name@4.1.0:
    dependencies:
      run-applescript: 7.1.0

  c12@3.3.3:
    dependencies:
      chokidar: 5.0.0
      confbox: 0.2.4
      defu: 6.1.7
      dotenv: 17.4.1
      exsolve: 1.0.8
      giget: 2.0.0
      jiti: 2.6.1
      ohash: 2.0.11
      pathe: 2.0.3
      perfect-debounce: 2.1.0
      pkg-types: 2.3.0
      rc9: 2.1.2

  chokidar@5.0.0:
    dependencies:
      readdirp: 5.0.0

  citty@0.1.6:
    dependencies:
      consola: 3.4.2

  citty@0.2.2: {}

  color-support@1.1.3: {}

  commander@14.0.3: {}

  confbox@0.2.4: {}

  consola@3.4.2: {}

  cross-spawn@7.0.6:
    dependencies:
      path-key: 3.1.1
      shebang-command: 2.0.0
      which: 2.0.2

  default-browser-id@5.0.1: {}

  default-browser@5.5.0:
    dependencies:
      bundle-name: 4.1.0
      default-browser-id: 5.0.1

  define-lazy-prop@3.0.0: {}

  defu@6.1.7: {}

  destr@2.0.5: {}

  dotenv@17.4.1: {}

  exsolve@1.0.8: {}

  get-tsconfig@4.13.6:
    dependencies:
      resolve-pkg-maps: 1.0.0

  giget@2.0.0:
    dependencies:
      citty: 0.1.6
      consola: 3.4.2
      defu: 6.1.7
      node-fetch-native: 1.6.7
      nypm: 0.6.5
      pathe: 2.0.3

  hono-openapi@1.3.0(@hono/standard-validator@0.2.2(@standard-schema/spec@1.0.0)(hono@4.12.12))(@standard-community/standard-json@0.3.5(@standard-schema/spec@1.0.0)(@types/json-schema@7.0.15)(@valibot/to-json-schema@1.6.0(valibot@1.3.1(typescript@5.9.3)))(quansync@0.2.11)(valibot@1.3.1(typescript@5.9.3)))(@standard-community/standard-openapi@0.2.9(@standard-community/standard-json@0.3.5(@standard-schema/spec@1.0.0)(@types/json-schema@7.0.15)(@valibot/to-json-schema@1.6.0(valibot@1.3.1(typescript@5.9.3)))(quansync@0.2.11)(valibot@1.3.1(typescript@5.9.3)))(@standard-schema/spec@1.0.0)(openapi-types@12.1.3)(valibot@1.3.1(typescript@5.9.3)))(@types/json-schema@7.0.15)(hono@4.12.12)(openapi-types@12.1.3):
    dependencies:
      '@standard-community/standard-json': 0.3.5(@standard-schema/spec@1.0.0)(@types/json-schema@7.0.15)(@valibot/to-json-schema@1.6.0(valibot@1.3.1(typescript@5.9.3)))(quansync@0.2.11)(valibot@1.3.1(typescript@5.9.3))
      '@standard-community/standard-openapi': 0.2.9(@standard-community/standard-json@0.3.5(@standard-schema/spec@1.0.0)(@types/json-schema@7.0.15)(@valibot/to-json-schema@1.6.0(valibot@1.3.1(typescript@5.9.3)))(quansync@0.2.11)(valibot@1.3.1(typescript@5.9.3)))(@standard-schema/spec@1.0.0)(openapi-types@12.1.3)(valibot@1.3.1(typescript@5.9.3))
      '@types/json-schema': 7.0.15
      openapi-types: 12.1.3
    optionalDependencies:
      '@hono/standard-validator': 0.2.2(@standard-schema/spec@1.0.0)(hono@4.12.12)
      hono: 4.12.12

  hono@4.12.12: {}

  is-docker@3.0.0: {}

  is-in-ssh@1.0.0: {}

  is-inside-container@1.0.0:
    dependencies:
      is-docker: 3.0.0

  is-wsl@3.1.1:
    dependencies:
      is-inside-container: 1.0.0

  isexe@2.0.0: {}

  jiti@2.6.1: {}

  js-yaml@4.1.1:
    dependencies:
      argparse: 2.0.1

  node-fetch-native@1.6.7: {}

  nypm@0.6.5:
    dependencies:
      citty: 0.2.2
      pathe: 2.0.3
      tinyexec: 1.1.1

  ohash@2.0.11: {}

  open@11.0.0:
    dependencies:
      default-browser: 5.5.0
      define-lazy-prop: 3.0.0
      is-in-ssh: 1.0.0
      is-inside-container: 1.0.0
      powershell-utils: 0.1.0
      wsl-utils: 0.3.1

  openapi-types@12.1.3: {}

  path-key@3.1.1: {}

  pathe@2.0.3: {}

  perfect-debounce@2.1.0: {}

  pkg-types@2.3.0:
    dependencies:
      confbox: 0.2.4
      exsolve: 1.0.8
      pathe: 2.0.3

  powershell-utils@0.1.0: {}

  quansync@0.2.11: {}

  rc9@2.1.2:
    dependencies:
      defu: 6.1.7
      destr: 2.0.5

  readdirp@5.0.0: {}

  resolve-pkg-maps@1.0.0: {}

  run-applescript@7.1.0: {}

  semver@7.7.3: {}

  shebang-command@2.0.0:
    dependencies:
      shebang-regex: 3.0.0

  shebang-regex@3.0.0: {}

  tinyexec@1.1.1: {}

  typescript@5.9.3: {}

  undici-types@7.16.0: {}

  valibot@1.3.1(typescript@5.9.3):
    optionalDependencies:
      typescript: 5.9.3

  which@2.0.2:
    dependencies:
      isexe: 2.0.0

  wsl-utils@0.3.1:
    dependencies:
      is-wsl: 3.1.1
      powershell-utils: 0.1.0
